<Solution>
  <Folder Name="/src/">
    <Project Path="src/ChannelsService.Core/ChannelsService.Core.csproj" />
    <Project Path="src/ChannelsService.External/ChannelsService.External.csproj" />
    <Project Path="src\ChannelsService.Commands\ChannelsService.Commands.csproj" />
  </Folder>
  <Folder Name="/tests/">
    <Project Path="tests/ChannelService.IntegrationTests/ChannelService.IntegrationTests.csproj" />
    <Project Path="tests/ChannelsService.UnitTests/ChannelsService.UnitTests.csproj" />
  </Folder>
</Solution>
